
Microsoft Visual Studio Solution File, Format Version 12.00
# Visual Studio 15
VisualStudioVersion = 15.0.28010.2046
MinimumVisualStudioVersion = 10.0.40219.1
Project("{FAE04EC0-301F-11D3-BF4B-00C04F79EFBC}") = "ManualButton", "ManualButton\ManualButton.csproj", "{DA54CF1F-8769-4FC2-915C-9C57E602B680}"
EndProject
Global
	GlobalSection(SolutionConfigurationPlatforms) = preSolution
		Debug|Any CPU = Debug|Any CPU
		Release|Any CPU = Release|Any CPU
	EndGlobalSection
	GlobalSection(ProjectConfigurationPlatforms) = postSolution
		{DA54CF1F-8769-4FC2-915C-9C57E602B680}.Debug|Any CPU.ActiveCfg = Debug|Any CPU
		{DA54CF1F-8769-4FC2-915C-9C57E602B680}.Debug|Any CPU.Build.0 = Debug|Any CPU
		{DA54CF1F-8769-4FC2-915C-9C57E602B680}.Release|Any CPU.ActiveCfg = Release|Any CPU
		{DA54CF1F-8769-4FC2-915C-9C57E602B680}.Release|Any CPU.Build.0 = Release|Any CPU
	EndGlobalSection
	GlobalSection(SolutionProperties) = preSolution
		HideSolutionNode = FALSE
	EndGlobalSection
	GlobalSection(ExtensibilityGlobals) = postSolution
		SolutionGuid = {786C4541-788F-4DD6-815A-686797796D1B}
	EndGlobalSection
EndGlobal
